
Microsoft Visual Studio Solution File, Format Version 12.00
# Visual Studio Version 16
VisualStudioVersion = 16.0.30128.36
MinimumVisualStudioVersion = 10.0.40219.1
Project("{FAE04EC0-301F-11D3-BF4B-00C04F79EFBC}") = "eyeshot강의", "eyeshot강의.csproj", "{28B2D551-68F5-454F-9D30-4392D454CE20}"
EndProject
Global
	GlobalSection(SolutionConfigurationPlatforms) = preSolution
		Debug|Any CPU = Debug|Any CPU
		Release|Any CPU = Release|Any CPU
	EndGlobalSection
	GlobalSection(ProjectConfigurationPlatforms) = postSolution
		{28B2D551-68F5-454F-9D30-4392D454CE20}.Debug|Any CPU.ActiveCfg = Debug|Any CPU
		{28B2D551-68F5-454F-9D30-4392D454CE20}.Debug|Any CPU.Build.0 = Debug|Any CPU
		{28B2D551-68F5-454F-9D30-4392D454CE20}.Release|Any CPU.ActiveCfg = Release|Any CPU
		{28B2D551-68F5-454F-9D30-4392D454CE20}.Release|Any CPU.Build.0 = Release|Any CPU
	EndGlobalSection
	GlobalSection(SolutionProperties) = preSolution
		HideSolutionNode = FALSE
	EndGlobalSection
	GlobalSection(ExtensibilityGlobals) = postSolution
		SolutionGuid = {BD7A7B38-20AE-45D3-B97A-FEA2FDE23486}
	EndGlobalSection
EndGlobal
